
Microsoft Visual Studio Solution File, Format Version 12.00
# Visual Studio 15
VisualStudioVersion = 15.0.27703.2047
MinimumVisualStudioVersion = 10.0.40219.1
Project("{8BC9CEB8-8B4A-11D0-8D11-00A0C91BC942}") = "MKR_GSM_Test", "MKR_GSM_Test\MKR_GSM_Test.vcxproj", "{C5F80730-F44F-4478-BDAE-6634EFC2CA88}"
EndProject
Project("{8BC9CEB8-8B4A-11D0-8D11-00A0C91BC942}") = "MKR_GSM_MQTT_TEST", "MKR_GSM_MQTT_TEST\MKR_GSM_MQTT_TEST.vcxproj", "{0B07C933-E974-4A6A-B69D-6B92CDED8302}"
EndProject
Global
	GlobalSection(SolutionConfigurationPlatforms) = preSolution
		Debug|x86 = Debug|x86
		Release|x86 = Release|x86
	EndGlobalSection
	GlobalSection(ProjectConfigurationPlatforms) = postSolution
		{C5F80730-F44F-4478-BDAE-6634EFC2CA88}.Debug|x86.ActiveCfg = Debug|Win32
		{C5F80730-F44F-4478-BDAE-6634EFC2CA88}.Debug|x86.Build.0 = Debug|Win32
		{C5F80730-F44F-4478-BDAE-6634EFC2CA88}.Release|x86.ActiveCfg = Release|Win32
		{C5F80730-F44F-4478-BDAE-6634EFC2CA88}.Release|x86.Build.0 = Release|Win32
		{0B07C933-E974-4A6A-B69D-6B92CDED8302}.Debug|x86.ActiveCfg = Debug|Win32
		{0B07C933-E974-4A6A-B69D-6B92CDED8302}.Debug|x86.Build.0 = Debug|Win32
		{0B07C933-E974-4A6A-B69D-6B92CDED8302}.Release|x86.ActiveCfg = Release|Win32
		{0B07C933-E974-4A6A-B69D-6B92CDED8302}.Release|x86.Build.0 = Release|Win32
	EndGlobalSection
	GlobalSection(SolutionProperties) = preSolution
		HideSolutionNode = FALSE
	EndGlobalSection
	GlobalSection(ExtensibilityGlobals) = postSolution
		SolutionGuid = {DAECC82C-33A6-4C5C-9E35-67D3F374E559}
	EndGlobalSection
EndGlobal
